
Microsoft Visual Studio Solution File, Format Version 12.00
# Visual Studio Version 17
VisualStudioVersion = 17.1.32421.90
MinimumVisualStudioVersion = 10.0.40219.1
Project("{9A19103F-16F7-4668-BE54-9A1E7A4F7556}") = "MathLibrary", "MathLibrary\MathLibrary.csproj", "{C11C5BFB-7ED6-40E3-B277-4228376FDA31}"
EndProject
Project("{9A19103F-16F7-4668-BE54-9A1E7A4F7556}") = "TestMathLib", "TestMathLib\TestMathLib.csproj", "{465C22BC-1BCD-4231-A228-AE51C4F41214}"
EndProject
Project("{FAE04EC0-301F-11D3-BF4B-00C04F79EFBC}") = "StringLibrary", "StringLib\StringLibrary.csproj", "{4015697F-906F-465B-9E5B-7F76B178B96F}"
EndProject
Global
	GlobalSection(SolutionConfigurationPlatforms) = preSolution
		Debug|Any CPU = Debug|Any CPU
		Release|Any CPU = Release|Any CPU
	EndGlobalSection
	GlobalSection(ProjectConfigurationPlatforms) = postSolution
		{C11C5BFB-7ED6-40E3-B277-4228376FDA31}.Debug|Any CPU.ActiveCfg = Debug|Any CPU
		{C11C5BFB-7ED6-40E3-B277-4228376FDA31}.Debug|Any CPU.Build.0 = Debug|Any CPU
		{C11C5BFB-7ED6-40E3-B277-4228376FDA31}.Release|Any CPU.ActiveCfg = Release|Any CPU
		{C11C5BFB-7ED6-40E3-B277-4228376FDA31}.Release|Any CPU.Build.0 = Release|Any CPU
		{465C22BC-1BCD-4231-A228-AE51C4F41214}.Debug|Any CPU.ActiveCfg = Debug|Any CPU
		{465C22BC-1BCD-4231-A228-AE51C4F41214}.Debug|Any CPU.Build.0 = Debug|Any CPU
		{465C22BC-1BCD-4231-A228-AE51C4F41214}.Release|Any CPU.ActiveCfg = Release|Any CPU
		{465C22BC-1BCD-4231-A228-AE51C4F41214}.Release|Any CPU.Build.0 = Release|Any CPU
		{4015697F-906F-465B-9E5B-7F76B178B96F}.Debug|Any CPU.ActiveCfg = Debug|Any CPU
		{4015697F-906F-465B-9E5B-7F76B178B96F}.Debug|Any CPU.Build.0 = Debug|Any CPU
		{4015697F-906F-465B-9E5B-7F76B178B96F}.Release|Any CPU.ActiveCfg = Release|Any CPU
		{4015697F-906F-465B-9E5B-7F76B178B96F}.Release|Any CPU.Build.0 = Release|Any CPU
	EndGlobalSection
	GlobalSection(SolutionProperties) = preSolution
		HideSolutionNode = FALSE
	EndGlobalSection
	GlobalSection(ExtensibilityGlobals) = postSolution
		SolutionGuid = {0D006075-F745-4384-BA87-683A4A057296}
	EndGlobalSection
EndGlobal
